<?xml version="1.0" encoding="utf-8"?>
<Project ToolsVersion="4.0" xmlns="http://schemas.microsoft.com/developer/msbuild/2003">
  <ItemGroup>
    <Filter Include="源文件">
      <UniqueIdentifier>{4FC737F1-C7A5-4376-A066-2A32D752A2FF}</UniqueIdentifier>
      <Extensions>cpp;c;cc;cxx;def;odl;idl;hpj;bat;asm;asmx</Extensions>
    </Filter>
    <Filter Include="头文件">
      <UniqueIdentifier>{93995380-89BD-4b04-88EB-625FBE52EBFB}</UniqueIdentifier>
      <Extensions>h;hh;hpp;hxx;hm;inl;inc;xsd</Extensions>
    </Filter>
    <Filter Include="资源文件">
      <UniqueIdentifier>{67DA6AB6-F800-4c08-8B7A-83BB121AAD01}</UniqueIdentifier>
      <Extensions>rc;ico;cur;bmp;dlg;rc2;rct;bin;rgs;gif;jpg;jpeg;jpe;resx;tiff;tif;png;wav;mfcribbon-ms</Extensions>
    </Filter>
    <Filter Include="YXL">
      <UniqueIdentifier>{be522075-6cbd-4a27-89b2-dc98c68f853e}</UniqueIdentifier>
    </Filter>
    <Filter Include="YXL\miniz">
      <UniqueIdentifier>{eb8d3caa-b397-4a9d-be2c-4cd4a7eb1c93}</UniqueIdentifier>
    </Filter>
    <Filter Include="YXL\cryptopp">
      <UniqueIdentifier>{6713ec67-8864-4473-9a79-1e78ed4c5434}</UniqueIdentifier>
    </Filter>
    <Filter Include="YXL\image">
      <UniqueIdentifier>{58e8d1b3-b530-4187-9004-15458e1198f1}</UniqueIdentifier>
    </Filter>
    <Filter Include="YXL\image\webp">
      <UniqueIdentifier>{0cae09fb-1bea-46e4-8fbc-4a39eba91b4c}</UniqueIdentifier>
    </Filter>
    <Filter Include="YXL\image\webp\dec">
      <UniqueIdentifier>{b60c1031-5717-467a-a9a2-49b550bb8491}</UniqueIdentifier>
    </Filter>
    <Filter Include="YXL\image\webp\demux">
      <UniqueIdentifier>{00b08946-cfb1-41d0-94f9-c605f93b911a}</UniqueIdentifier>
    </Filter>
    <Filter Include="YXL\image\webp\dsp">
      <UniqueIdentifier>{612cdfc6-37e1-4c90-815f-4442cee14efd}</UniqueIdentifier>
    </Filter>
    <Filter Include="YXL\image\webp\enc">
      <UniqueIdentifier>{ef87eaff-0054-429c-a371-afe80e304786}</UniqueIdentifier>
    </Filter>
    <Filter Include="YXL\image\webp\mux">
      <UniqueIdentifier>{805f2926-0a29-4558-8d09-eb185c5275cb}</UniqueIdentifier>
    </Filter>
    <Filter Include="YXL\image\webp\utils">
      <UniqueIdentifier>{d5676dd5-666d-412f-9fec-0d24e60979f7}</UniqueIdentifier>
    </Filter>
    <Filter Include="YXL\image\webp\webp">
      <UniqueIdentifier>{0da618e5-5df7-4a81-a58b-0ecd816dd56b}</UniqueIdentifier>
    </Filter>
    <Filter Include="YXL\image\stb_image">
      <UniqueIdentifier>{d7db367f-231a-46e7-bab0-408fb4c4cb35}</UniqueIdentifier>
    </Filter>
  </ItemGroup>
  <ItemGroup>
    <ClCompile Include="main.cpp">
      <Filter>源文件</Filter>
    </ClCompile>
    <ClCompile Include="test.cpp">
      <Filter>源文件</Filter>
    </ClCompile>
    <ClCompile Include="test_json.cpp">
      <Filter>源文件</Filter>
    </ClCompile>
    <ClCompile Include="..\..\miniz\miniz.c">
      <Filter>YXL\miniz</Filter>
    </ClCompile>
    <ClCompile Include="..\..\YXLHelper.cpp">
      <Filter>YXL</Filter>
    </ClCompile>
    <ClCompile Include="..\..\cryptopp\3way.cpp">
      <Filter>YXL\cryptopp</Filter>
    </ClCompile>
    <ClCompile Include="..\..\cryptopp\adler32.cpp">
      <Filter>YXL\cryptopp</Filter>
    </ClCompile>
    <ClCompile Include="..\..\cryptopp\algebra.cpp">
      <Filter>YXL\cryptopp</Filter>
    </ClCompile>
    <ClCompile Include="..\..\cryptopp\algparam.cpp">
      <Filter>YXL\cryptopp</Filter>
    </ClCompile>
    <ClCompile Include="..\..\cryptopp\arc4.cpp">
      <Filter>YXL\cryptopp</Filter>
    </ClCompile>
    <ClCompile Include="..\..\cryptopp\aria-simd.cpp">
      <Filter>YXL\cryptopp</Filter>
    </ClCompile>
    <ClCompile Include="..\..\cryptopp\aria.cpp">
      <Filter>YXL\cryptopp</Filter>
    </ClCompile>
    <ClCompile Include="..\..\cryptopp\ariatab.cpp">
      <Filter>YXL\cryptopp</Filter>
    </ClCompile>
    <ClCompile Include="..\..\cryptopp\asn.cpp">
      <Filter>YXL\cryptopp</Filter>
    </ClCompile>
    <ClCompile Include="..\..\cryptopp\authenc.cpp">
      <Filter>YXL\cryptopp</Filter>
    </ClCompile>
    <ClCompile Include="..\..\cryptopp\base32.cpp">
      <Filter>YXL\cryptopp</Filter>
    </ClCompile>
    <ClCompile Include="..\..\cryptopp\base64.cpp">
      <Filter>YXL\cryptopp</Filter>
    </ClCompile>
    <ClCompile Include="..\..\cryptopp\basecode.cpp">
      <Filter>YXL\cryptopp</Filter>
    </ClCompile>
    <ClCompile Include="..\..\cryptopp\bfinit.cpp">
      <Filter>YXL\cryptopp</Filter>
    </ClCompile>
    <ClCompile Include="..\..\cryptopp\blake2-simd.cpp">
      <Filter>YXL\cryptopp</Filter>
    </ClCompile>
    <ClCompile Include="..\..\cryptopp\blake2.cpp">
      <Filter>YXL\cryptopp</Filter>
    </ClCompile>
    <ClCompile Include="..\..\cryptopp\blowfish.cpp">
      <Filter>YXL\cryptopp</Filter>
    </ClCompile>
    <ClCompile Include="..\..\cryptopp\blumshub.cpp">
      <Filter>YXL\cryptopp</Filter>
    </ClCompile>
    <ClCompile Include="..\..\cryptopp\camellia.cpp">
      <Filter>YXL\cryptopp</Filter>
    </ClCompile>
    <ClCompile Include="..\..\cryptopp\cast.cpp">
      <Filter>YXL\cryptopp</Filter>
    </ClCompile>
    <ClCompile Include="..\..\cryptopp\casts.cpp">
      <Filter>YXL\cryptopp</Filter>
    </ClCompile>
    <ClCompile Include="..\..\cryptopp\cbcmac.cpp">
      <Filter>YXL\cryptopp</Filter>
    </ClCompile>
    <ClCompile Include="..\..\cryptopp\ccm.cpp">
      <Filter>YXL\cryptopp</Filter>
    </ClCompile>
    <ClCompile Include="..\..\cryptopp\chacha.cpp">
      <Filter>YXL\cryptopp</Filter>
    </ClCompile>
    <ClCompile Include="..\..\cryptopp\channels.cpp">
      <Filter>YXL\cryptopp</Filter>
    </ClCompile>
    <ClCompile Include="..\..\cryptopp\cmac.cpp">
      <Filter>YXL\cryptopp</Filter>
    </ClCompile>
    <ClCompile Include="..\..\cryptopp\cpu.cpp">
      <Filter>YXL\cryptopp</Filter>
    </ClCompile>
    <ClCompile Include="..\..\cryptopp\crc-simd.cpp">
      <Filter>YXL\cryptopp</Filter>
    </ClCompile>
    <ClCompile Include="..\..\cryptopp\crc.cpp">
      <Filter>YXL\cryptopp</Filter>
    </ClCompile>
    <ClCompile Include="..\..\cryptopp\cryptlib.cpp">
      <Filter>YXL\cryptopp</Filter>
    </ClCompile>
    <ClCompile Include="..\..\cryptopp\default.cpp">
      <Filter>YXL\cryptopp</Filter>
    </ClCompile>
    <ClCompile Include="..\..\cryptopp\des.cpp">
      <Filter>YXL\cryptopp</Filter>
    </ClCompile>
    <ClCompile Include="..\..\cryptopp\dessp.cpp">
      <Filter>YXL\cryptopp</Filter>
    </ClCompile>
    <ClCompile Include="..\..\cryptopp\dh.cpp">
      <Filter>YXL\cryptopp</Filter>
    </ClCompile>
    <ClCompile Include="..\..\cryptopp\dh2.cpp">
      <Filter>YXL\cryptopp</Filter>
    </ClCompile>
    <ClCompile Include="..\..\cryptopp\dll.cpp">
      <Filter>YXL\cryptopp</Filter>
    </ClCompile>
    <ClCompile Include="..\..\cryptopp\dsa.cpp">
      <Filter>YXL\cryptopp</Filter>
    </ClCompile>
    <ClCompile Include="..\..\cryptopp\eax.cpp">
      <Filter>YXL\cryptopp</Filter>
    </ClCompile>
    <ClCompile Include="..\..\cryptopp\ec2n.cpp">
      <Filter>YXL\cryptopp</Filter>
    </ClCompile>
    <ClCompile Include="..\..\cryptopp\eccrypto.cpp">
      <Filter>YXL\cryptopp</Filter>
    </ClCompile>
    <ClCompile Include="..\..\cryptopp\ecp.cpp">
      <Filter>YXL\cryptopp</Filter>
    </ClCompile>
    <ClCompile Include="..\..\cryptopp\elgamal.cpp">
      <Filter>YXL\cryptopp</Filter>
    </ClCompile>
    <ClCompile Include="..\..\cryptopp\emsa2.cpp">
      <Filter>YXL\cryptopp</Filter>
    </ClCompile>
    <ClCompile Include="..\..\cryptopp\eprecomp.cpp">
      <Filter>YXL\cryptopp</Filter>
    </ClCompile>
    <ClCompile Include="..\..\cryptopp\esign.cpp">
      <Filter>YXL\cryptopp</Filter>
    </ClCompile>
    <ClCompile Include="..\..\cryptopp\files.cpp">
      <Filter>YXL\cryptopp</Filter>
    </ClCompile>
    <ClCompile Include="..\..\cryptopp\filters.cpp">
      <Filter>YXL\cryptopp</Filter>
    </ClCompile>
    <ClCompile Include="..\..\cryptopp\fips140.cpp">
      <Filter>YXL\cryptopp</Filter>
    </ClCompile>
    <ClCompile Include="..\..\cryptopp\fipsalgt.cpp">
      <Filter>YXL\cryptopp</Filter>
    </ClCompile>
    <ClCompile Include="..\..\cryptopp\fipstest.cpp">
      <Filter>YXL\cryptopp</Filter>
    </ClCompile>
    <ClCompile Include="..\..\cryptopp\gcm-simd.cpp">
      <Filter>YXL\cryptopp</Filter>
    </ClCompile>
    <ClCompile Include="..\..\cryptopp\gcm.cpp">
      <Filter>YXL\cryptopp</Filter>
    </ClCompile>
    <ClCompile Include="..\..\cryptopp\gf256.cpp">
      <Filter>YXL\cryptopp</Filter>
    </ClCompile>
    <ClCompile Include="..\..\cryptopp\gf2n.cpp">
      <Filter>YXL\cryptopp</Filter>
    </ClCompile>
    <ClCompile Include="..\..\cryptopp\gf2_32.cpp">
      <Filter>YXL\cryptopp</Filter>
    </ClCompile>
    <ClCompile Include="..\..\cryptopp\gfpcrypt.cpp">
      <Filter>YXL\cryptopp</Filter>
    </ClCompile>
    <ClCompile Include="..\..\cryptopp\gost.cpp">
      <Filter>YXL\cryptopp</Filter>
    </ClCompile>
    <ClCompile Include="..\..\cryptopp\gzip.cpp">
      <Filter>YXL\cryptopp</Filter>
    </ClCompile>
    <ClCompile Include="..\..\cryptopp\hex.cpp">
      <Filter>YXL\cryptopp</Filter>
    </ClCompile>
    <ClCompile Include="..\..\cryptopp\hmac.cpp">
      <Filter>YXL\cryptopp</Filter>
    </ClCompile>
    <ClCompile Include="..\..\cryptopp\hrtimer.cpp">
      <Filter>YXL\cryptopp</Filter>
    </ClCompile>
    <ClCompile Include="..\..\cryptopp\ida.cpp">
      <Filter>YXL\cryptopp</Filter>
    </ClCompile>
    <ClCompile Include="..\..\cryptopp\idea.cpp">
      <Filter>YXL\cryptopp</Filter>
    </ClCompile>
    <ClCompile Include="..\..\cryptopp\integer.cpp">
      <Filter>YXL\cryptopp</Filter>
    </ClCompile>
    <ClCompile Include="..\..\cryptopp\iterhash.cpp">
      <Filter>YXL\cryptopp</Filter>
    </ClCompile>
    <ClCompile Include="..\..\cryptopp\kalyna.cpp">
      <Filter>YXL\cryptopp</Filter>
    </ClCompile>
    <ClCompile Include="..\..\cryptopp\kalynatab.cpp">
      <Filter>YXL\cryptopp</Filter>
    </ClCompile>
    <ClCompile Include="..\..\cryptopp\keccak.cpp">
      <Filter>YXL\cryptopp</Filter>
    </ClCompile>
    <ClCompile Include="..\..\cryptopp\luc.cpp">
      <Filter>YXL\cryptopp</Filter>
    </ClCompile>
    <ClCompile Include="..\..\cryptopp\mars.cpp">
      <Filter>YXL\cryptopp</Filter>
    </ClCompile>
    <ClCompile Include="..\..\cryptopp\marss.cpp">
      <Filter>YXL\cryptopp</Filter>
    </ClCompile>
    <ClCompile Include="..\..\cryptopp\md2.cpp">
      <Filter>YXL\cryptopp</Filter>
    </ClCompile>
    <ClCompile Include="..\..\cryptopp\md4.cpp">
      <Filter>YXL\cryptopp</Filter>
    </ClCompile>
    <ClCompile Include="..\..\cryptopp\md5.cpp">
      <Filter>YXL\cryptopp</Filter>
    </ClCompile>
    <ClCompile Include="..\..\cryptopp\misc.cpp">
      <Filter>YXL\cryptopp</Filter>
    </ClCompile>
    <ClCompile Include="..\..\cryptopp\modes.cpp">
      <Filter>YXL\cryptopp</Filter>
    </ClCompile>
    <ClCompile Include="..\..\cryptopp\mqueue.cpp">
      <Filter>YXL\cryptopp</Filter>
    </ClCompile>
    <ClCompile Include="..\..\cryptopp\mqv.cpp">
      <Filter>YXL\cryptopp</Filter>
    </ClCompile>
    <ClCompile Include="..\..\cryptopp\nbtheory.cpp">
      <Filter>YXL\cryptopp</Filter>
    </ClCompile>
    <ClCompile Include="..\..\cryptopp\neon-simd.cpp">
      <Filter>YXL\cryptopp</Filter>
    </ClCompile>
    <ClCompile Include="..\..\cryptopp\network.cpp">
      <Filter>YXL\cryptopp</Filter>
    </ClCompile>
    <ClCompile Include="..\..\cryptopp\oaep.cpp">
      <Filter>YXL\cryptopp</Filter>
    </ClCompile>
    <ClCompile Include="..\..\cryptopp\osrng.cpp">
      <Filter>YXL\cryptopp</Filter>
    </ClCompile>
    <ClCompile Include="..\..\cryptopp\padlkrng.cpp">
      <Filter>YXL\cryptopp</Filter>
    </ClCompile>
    <ClCompile Include="..\..\cryptopp\panama.cpp">
      <Filter>YXL\cryptopp</Filter>
    </ClCompile>
    <ClCompile Include="..\..\cryptopp\pkcspad.cpp">
      <Filter>YXL\cryptopp</Filter>
    </ClCompile>
    <ClCompile Include="..\..\cryptopp\poly1305.cpp">
      <Filter>YXL\cryptopp</Filter>
    </ClCompile>
    <ClCompile Include="..\..\cryptopp\polynomi.cpp">
      <Filter>YXL\cryptopp</Filter>
    </ClCompile>
    <ClCompile Include="..\..\cryptopp\ppc-simd.cpp">
      <Filter>YXL\cryptopp</Filter>
    </ClCompile>
    <ClCompile Include="..\..\cryptopp\pssr.cpp">
      <Filter>YXL\cryptopp</Filter>
    </ClCompile>
    <ClCompile Include="..\..\cryptopp\pubkey.cpp">
      <Filter>YXL\cryptopp</Filter>
    </ClCompile>
    <ClCompile Include="..\..\cryptopp\queue.cpp">
      <Filter>YXL\cryptopp</Filter>
    </ClCompile>
    <ClCompile Include="..\..\cryptopp\rabin.cpp">
      <Filter>YXL\cryptopp</Filter>
    </ClCompile>
    <ClCompile Include="..\..\cryptopp\randpool.cpp">
      <Filter>YXL\cryptopp</Filter>
    </ClCompile>
    <ClCompile Include="..\..\cryptopp\rc2.cpp">
      <Filter>YXL\cryptopp</Filter>
    </ClCompile>
    <ClCompile Include="..\..\cryptopp\rc5.cpp">
      <Filter>YXL\cryptopp</Filter>
    </ClCompile>
    <ClCompile Include="..\..\cryptopp\rc6.cpp">
      <Filter>YXL\cryptopp</Filter>
    </ClCompile>
    <ClCompile Include="..\..\cryptopp\rdrand.cpp">
      <Filter>YXL\cryptopp</Filter>
    </ClCompile>
    <ClCompile Include="..\..\cryptopp\rdtables.cpp">
      <Filter>YXL\cryptopp</Filter>
    </ClCompile>
    <ClCompile Include="..\..\cryptopp\rijndael-simd.cpp">
      <Filter>YXL\cryptopp</Filter>
    </ClCompile>
    <ClCompile Include="..\..\cryptopp\rijndael.cpp">
      <Filter>YXL\cryptopp</Filter>
    </ClCompile>
    <ClCompile Include="..\..\cryptopp\ripemd.cpp">
      <Filter>YXL\cryptopp</Filter>
    </ClCompile>
    <ClCompile Include="..\..\cryptopp\rng.cpp">
      <Filter>YXL\cryptopp</Filter>
    </ClCompile>
    <ClCompile Include="..\..\cryptopp\rsa.cpp">
      <Filter>YXL\cryptopp</Filter>
    </ClCompile>
    <ClCompile Include="..\..\cryptopp\rw.cpp">
      <Filter>YXL\cryptopp</Filter>
    </ClCompile>
    <ClCompile Include="..\..\cryptopp\safer.cpp">
      <Filter>YXL\cryptopp</Filter>
    </ClCompile>
    <ClCompile Include="..\..\cryptopp\salsa.cpp">
      <Filter>YXL\cryptopp</Filter>
    </ClCompile>
    <ClCompile Include="..\..\cryptopp\scrypt.cpp">
      <Filter>YXL\cryptopp</Filter>
    </ClCompile>
    <ClCompile Include="..\..\cryptopp\seal.cpp">
      <Filter>YXL\cryptopp</Filter>
    </ClCompile>
    <ClCompile Include="..\..\cryptopp\seed.cpp">
      <Filter>YXL\cryptopp</Filter>
    </ClCompile>
    <ClCompile Include="..\..\cryptopp\serpent.cpp">
      <Filter>YXL\cryptopp</Filter>
    </ClCompile>
    <ClCompile Include="..\..\cryptopp\sha-simd.cpp">
      <Filter>YXL\cryptopp</Filter>
    </ClCompile>
    <ClCompile Include="..\..\cryptopp\sha.cpp">
      <Filter>YXL\cryptopp</Filter>
    </ClCompile>
    <ClCompile Include="..\..\cryptopp\sha3.cpp">
      <Filter>YXL\cryptopp</Filter>
    </ClCompile>
    <ClCompile Include="..\..\cryptopp\shacal2-simd.cpp">
      <Filter>YXL\cryptopp</Filter>
    </ClCompile>
    <ClCompile Include="..\..\cryptopp\shacal2.cpp">
      <Filter>YXL\cryptopp</Filter>
    </ClCompile>
    <ClCompile Include="..\..\cryptopp\shark.cpp">
      <Filter>YXL\cryptopp</Filter>
    </ClCompile>
    <ClCompile Include="..\..\cryptopp\sharkbox.cpp">
      <Filter>YXL\cryptopp</Filter>
    </ClCompile>
    <ClCompile Include="..\..\cryptopp\simon-simd.cpp">
      <Filter>YXL\cryptopp</Filter>
    </ClCompile>
    <ClCompile Include="..\..\cryptopp\simon.cpp">
      <Filter>YXL\cryptopp</Filter>
    </ClCompile>
    <ClCompile Include="..\..\cryptopp\skipjack.cpp">
      <Filter>YXL\cryptopp</Filter>
    </ClCompile>
    <ClCompile Include="..\..\cryptopp\sm3.cpp">
      <Filter>YXL\cryptopp</Filter>
    </ClCompile>
    <ClCompile Include="..\..\cryptopp\sm4.cpp">
      <Filter>YXL\cryptopp</Filter>
    </ClCompile>
    <ClCompile Include="..\..\cryptopp\socketft.cpp">
      <Filter>YXL\cryptopp</Filter>
    </ClCompile>
    <ClCompile Include="..\..\cryptopp\sosemanuk.cpp">
      <Filter>YXL\cryptopp</Filter>
    </ClCompile>
    <ClCompile Include="..\..\cryptopp\speck-simd.cpp">
      <Filter>YXL\cryptopp</Filter>
    </ClCompile>
    <ClCompile Include="..\..\cryptopp\speck.cpp">
      <Filter>YXL\cryptopp</Filter>
    </ClCompile>
    <ClCompile Include="..\..\cryptopp\square.cpp">
      <Filter>YXL\cryptopp</Filter>
    </ClCompile>
    <ClCompile Include="..\..\cryptopp\squaretb.cpp">
      <Filter>YXL\cryptopp</Filter>
    </ClCompile>
    <ClCompile Include="..\..\cryptopp\sse-simd.cpp">
      <Filter>YXL\cryptopp</Filter>
    </ClCompile>
    <ClCompile Include="..\..\cryptopp\strciphr.cpp">
      <Filter>YXL\cryptopp</Filter>
    </ClCompile>
    <ClCompile Include="..\..\cryptopp\tea.cpp">
      <Filter>YXL\cryptopp</Filter>
    </ClCompile>
    <ClCompile Include="..\..\cryptopp\tftables.cpp">
      <Filter>YXL\cryptopp</Filter>
    </ClCompile>
    <ClCompile Include="..\..\cryptopp\threefish.cpp">
      <Filter>YXL\cryptopp</Filter>
    </ClCompile>
    <ClCompile Include="..\..\cryptopp\tiger.cpp">
      <Filter>YXL\cryptopp</Filter>
    </ClCompile>
    <ClCompile Include="..\..\cryptopp\tigertab.cpp">
      <Filter>YXL\cryptopp</Filter>
    </ClCompile>
    <ClCompile Include="..\..\cryptopp\trdlocal.cpp">
      <Filter>YXL\cryptopp</Filter>
    </ClCompile>
    <ClCompile Include="..\..\cryptopp\ttmac.cpp">
      <Filter>YXL\cryptopp</Filter>
    </ClCompile>
    <ClCompile Include="..\..\cryptopp\tweetnacl.cpp">
      <Filter>YXL\cryptopp</Filter>
    </ClCompile>
    <ClCompile Include="..\..\cryptopp\twofish.cpp">
      <Filter>YXL\cryptopp</Filter>
    </ClCompile>
    <ClCompile Include="..\..\cryptopp\vmac.cpp">
      <Filter>YXL\cryptopp</Filter>
    </ClCompile>
    <ClCompile Include="..\..\cryptopp\wait.cpp">
      <Filter>YXL\cryptopp</Filter>
    </ClCompile>
    <ClCompile Include="..\..\cryptopp\wake.cpp">
      <Filter>YXL\cryptopp</Filter>
    </ClCompile>
    <ClCompile Include="..\..\cryptopp\whrlpool.cpp">
      <Filter>YXL\cryptopp</Filter>
    </ClCompile>
    <ClCompile Include="..\..\cryptopp\winpipes.cpp">
      <Filter>YXL\cryptopp</Filter>
    </ClCompile>
    <ClCompile Include="..\..\cryptopp\xtr.cpp">
      <Filter>YXL\cryptopp</Filter>
    </ClCompile>
    <ClCompile Include="..\..\cryptopp\xtrcrypt.cpp">
      <Filter>YXL\cryptopp</Filter>
    </ClCompile>
    <ClCompile Include="..\..\cryptopp\zdeflate.cpp">
      <Filter>YXL\cryptopp</Filter>
    </ClCompile>
    <ClCompile Include="..\..\cryptopp\zinflate.cpp">
      <Filter>YXL\cryptopp</Filter>
    </ClCompile>
    <ClCompile Include="..\..\cryptopp\zlib.cpp">
      <Filter>YXL\cryptopp</Filter>
    </ClCompile>
    <ClCompile Include="..\..\YXLJsonStruct.cpp">
      <Filter>YXL</Filter>
    </ClCompile>
    <ClCompile Include="..\..\YXLReportGenerator.cpp">
      <Filter>YXL</Filter>
    </ClCompile>
    <ClCompile Include="..\..\image\webp\dec\dec_alpha.c">
      <Filter>YXL\image\webp\dec</Filter>
    </ClCompile>
    <ClCompile Include="..\..\image\webp\dec\dec_buffer.c">
      <Filter>YXL\image\webp\dec</Filter>
    </ClCompile>
    <ClCompile Include="..\..\image\webp\dec\dec_frame.c">
      <Filter>YXL\image\webp\dec</Filter>
    </ClCompile>
    <ClCompile Include="..\..\image\webp\dec\dec_idec.c">
      <Filter>YXL\image\webp\dec</Filter>
    </ClCompile>
    <ClCompile Include="..\..\image\webp\dec\dec_io.c">
      <Filter>YXL\image\webp\dec</Filter>
    </ClCompile>
    <ClCompile Include="..\..\image\webp\dec\dec_quant.c">
      <Filter>YXL\image\webp\dec</Filter>
    </ClCompile>
    <ClCompile Include="..\..\image\webp\dec\dec_tree.c">
      <Filter>YXL\image\webp\dec</Filter>
    </ClCompile>
    <ClCompile Include="..\..\image\webp\dec\dec_vp8.c">
      <Filter>YXL\image\webp\dec</Filter>
    </ClCompile>
    <ClCompile Include="..\..\image\webp\dec\dec_vp8l.c">
      <Filter>YXL\image\webp\dec</Filter>
    </ClCompile>
    <ClCompile Include="..\..\image\webp\dec\dec_webp.c">
      <Filter>YXL\image\webp\dec</Filter>
    </ClCompile>
    <ClCompile Include="..\..\image\webp\demux\anim_decode.c">
      <Filter>YXL\image\webp\demux</Filter>
    </ClCompile>
    <ClCompile Include="..\..\image\webp\demux\demux.c">
      <Filter>YXL\image\webp\demux</Filter>
    </ClCompile>
    <ClCompile Include="..\..\image\webp\dsp\alpha_processing.c">
      <Filter>YXL\image\webp\dsp</Filter>
    </ClCompile>
    <ClCompile Include="..\..\image\webp\dsp\alpha_processing_mips_dsp_r2.c">
      <Filter>YXL\image\webp\dsp</Filter>
    </ClCompile>
    <ClCompile Include="..\..\image\webp\dsp\alpha_processing_sse2.c">
      <Filter>YXL\image\webp\dsp</Filter>
    </ClCompile>
    <ClCompile Include="..\..\image\webp\dsp\alpha_processing_sse41.c">
      <Filter>YXL\image\webp\dsp</Filter>
    </ClCompile>
    <ClCompile Include="..\..\image\webp\dsp\argb.c">
      <Filter>YXL\image\webp\dsp</Filter>
    </ClCompile>
    <ClCompile Include="..\..\image\webp\dsp\argb_mips_dsp_r2.c">
      <Filter>YXL\image\webp\dsp</Filter>
    </ClCompile>
    <ClCompile Include="..\..\image\webp\dsp\argb_sse2.c">
      <Filter>YXL\image\webp\dsp</Filter>
    </ClCompile>
    <ClCompile Include="..\..\image\webp\dsp\cost.c">
      <Filter>YXL\image\webp\dsp</Filter>
    </ClCompile>
    <ClCompile Include="..\..\image\webp\dsp\cost_mips32.c">
      <Filter>YXL\image\webp\dsp</Filter>
    </ClCompile>
    <ClCompile Include="..\..\image\webp\dsp\cost_mips_dsp_r2.c">
      <Filter>YXL\image\webp\dsp</Filter>
    </ClCompile>
    <ClCompile Include="..\..\image\webp\dsp\cost_sse2.c">
      <Filter>YXL\image\webp\dsp</Filter>
    </ClCompile>
    <ClCompile Include="..\..\image\webp\dsp\dec.c">
      <Filter>YXL\image\webp\dsp</Filter>
    </ClCompile>
    <ClCompile Include="..\..\image\webp\dsp\dec_clip_tables.c">
      <Filter>YXL\image\webp\dsp</Filter>
    </ClCompile>
    <ClCompile Include="..\..\image\webp\dsp\dec_mips32.c">
      <Filter>YXL\image\webp\dsp</Filter>
    </ClCompile>
    <ClCompile Include="..\..\image\webp\dsp\dec_mips_dsp_r2.c">
      <Filter>YXL\image\webp\dsp</Filter>
    </ClCompile>
    <ClCompile Include="..\..\image\webp\dsp\dec_msa.c">
      <Filter>YXL\image\webp\dsp</Filter>
    </ClCompile>
    <ClCompile Include="..\..\image\webp\dsp\dec_neon.c">
      <Filter>YXL\image\webp\dsp</Filter>
    </ClCompile>
    <ClCompile Include="..\..\image\webp\dsp\dec_sse2.c">
      <Filter>YXL\image\webp\dsp</Filter>
    </ClCompile>
    <ClCompile Include="..\..\image\webp\dsp\dec_sse41.c">
      <Filter>YXL\image\webp\dsp</Filter>
    </ClCompile>
    <ClCompile Include="..\..\image\webp\dsp\dsp_cpu.c">
      <Filter>YXL\image\webp\dsp</Filter>
    </ClCompile>
    <ClCompile Include="..\..\image\webp\dsp\enc.c">
      <Filter>YXL\image\webp\dsp</Filter>
    </ClCompile>
    <ClCompile Include="..\..\image\webp\dsp\enc_avx2.c">
      <Filter>YXL\image\webp\dsp</Filter>
    </ClCompile>
    <ClCompile Include="..\..\image\webp\dsp\enc_mips32.c">
      <Filter>YXL\image\webp\dsp</Filter>
    </ClCompile>
    <ClCompile Include="..\..\image\webp\dsp\enc_mips_dsp_r2.c">
      <Filter>YXL\image\webp\dsp</Filter>
    </ClCompile>
    <ClCompile Include="..\..\image\webp\dsp\enc_msa.c">
      <Filter>YXL\image\webp\dsp</Filter>
    </ClCompile>
    <ClCompile Include="..\..\image\webp\dsp\enc_neon.c">
      <Filter>YXL\image\webp\dsp</Filter>
    </ClCompile>
    <ClCompile Include="..\..\image\webp\dsp\enc_sse2.c">
      <Filter>YXL\image\webp\dsp</Filter>
    </ClCompile>
    <ClCompile Include="..\..\image\webp\dsp\enc_sse41.c">
      <Filter>YXL\image\webp\dsp</Filter>
    </ClCompile>
    <ClCompile Include="..\..\image\webp\dsp\filters_mips_dsp_r2.c">
      <Filter>YXL\image\webp\dsp</Filter>
    </ClCompile>
    <ClCompile Include="..\..\image\webp\dsp\filters_msa.c">
      <Filter>YXL\image\webp\dsp</Filter>
    </ClCompile>
    <ClCompile Include="..\..\image\webp\dsp\filters_sse2.c">
      <Filter>YXL\image\webp\dsp</Filter>
    </ClCompile>
    <ClCompile Include="..\..\image\webp\dsp\lossless.c">
      <Filter>YXL\image\webp\dsp</Filter>
    </ClCompile>
    <ClCompile Include="..\..\image\webp\dsp\lossless_enc.c">
      <Filter>YXL\image\webp\dsp</Filter>
    </ClCompile>
    <ClCompile Include="..\..\image\webp\dsp\lossless_enc_mips32.c">
      <Filter>YXL\image\webp\dsp</Filter>
    </ClCompile>
    <ClCompile Include="..\..\image\webp\dsp\lossless_enc_mips_dsp_r2.c">
      <Filter>YXL\image\webp\dsp</Filter>
    </ClCompile>
    <ClCompile Include="..\..\image\webp\dsp\lossless_enc_msa.c">
      <Filter>YXL\image\webp\dsp</Filter>
    </ClCompile>
    <ClCompile Include="..\..\image\webp\dsp\lossless_enc_neon.c">
      <Filter>YXL\image\webp\dsp</Filter>
    </ClCompile>
    <ClCompile Include="..\..\image\webp\dsp\lossless_enc_sse2.c">
      <Filter>YXL\image\webp\dsp</Filter>
    </ClCompile>
    <ClCompile Include="..\..\image\webp\dsp\lossless_enc_sse41.c">
      <Filter>YXL\image\webp\dsp</Filter>
    </ClCompile>
    <ClCompile Include="..\..\image\webp\dsp\lossless_mips_dsp_r2.c">
      <Filter>YXL\image\webp\dsp</Filter>
    </ClCompile>
    <ClCompile Include="..\..\image\webp\dsp\lossless_msa.c">
      <Filter>YXL\image\webp\dsp</Filter>
    </ClCompile>
    <ClCompile Include="..\..\image\webp\dsp\lossless_neon.c">
      <Filter>YXL\image\webp\dsp</Filter>
    </ClCompile>
    <ClCompile Include="..\..\image\webp\dsp\lossless_sse2.c">
      <Filter>YXL\image\webp\dsp</Filter>
    </ClCompile>
    <ClCompile Include="..\..\image\webp\dsp\rescaler.c">
      <Filter>YXL\image\webp\dsp</Filter>
    </ClCompile>
    <ClCompile Include="..\..\image\webp\dsp\rescaler_mips32.c">
      <Filter>YXL\image\webp\dsp</Filter>
    </ClCompile>
    <ClCompile Include="..\..\image\webp\dsp\rescaler_mips_dsp_r2.c">
      <Filter>YXL\image\webp\dsp</Filter>
    </ClCompile>
    <ClCompile Include="..\..\image\webp\dsp\rescaler_msa.c">
      <Filter>YXL\image\webp\dsp</Filter>
    </ClCompile>
    <ClCompile Include="..\..\image\webp\dsp\rescaler_neon.c">
      <Filter>YXL\image\webp\dsp</Filter>
    </ClCompile>
    <ClCompile Include="..\..\image\webp\dsp\rescaler_sse2.c">
      <Filter>YXL\image\webp\dsp</Filter>
    </ClCompile>
    <ClCompile Include="..\..\image\webp\dsp\upsampling.c">
      <Filter>YXL\image\webp\dsp</Filter>
    </ClCompile>
    <ClCompile Include="..\..\image\webp\dsp\upsampling_mips_dsp_r2.c">
      <Filter>YXL\image\webp\dsp</Filter>
    </ClCompile>
    <ClCompile Include="..\..\image\webp\dsp\upsampling_msa.c">
      <Filter>YXL\image\webp\dsp</Filter>
    </ClCompile>
    <ClCompile Include="..\..\image\webp\dsp\upsampling_neon.c">
      <Filter>YXL\image\webp\dsp</Filter>
    </ClCompile>
    <ClCompile Include="..\..\image\webp\dsp\upsampling_sse2.c">
      <Filter>YXL\image\webp\dsp</Filter>
    </ClCompile>
    <ClCompile Include="..\..\image\webp\dsp\yuv.c">
      <Filter>YXL\image\webp\dsp</Filter>
    </ClCompile>
    <ClCompile Include="..\..\image\webp\dsp\yuv_mips32.c">
      <Filter>YXL\image\webp\dsp</Filter>
    </ClCompile>
    <ClCompile Include="..\..\image\webp\dsp\yuv_mips_dsp_r2.c">
      <Filter>YXL\image\webp\dsp</Filter>
    </ClCompile>
    <ClCompile Include="..\..\image\webp\dsp\yuv_sse2.c">
      <Filter>YXL\image\webp\dsp</Filter>
    </ClCompile>
    <ClCompile Include="..\..\image\webp\enc\enc_alpha.c">
      <Filter>YXL\image\webp\enc</Filter>
    </ClCompile>
    <ClCompile Include="..\..\image\webp\enc\enc_analysis.c">
      <Filter>YXL\image\webp\enc</Filter>
    </ClCompile>
    <ClCompile Include="..\..\image\webp\enc\enc_backward_references.c">
      <Filter>YXL\image\webp\enc</Filter>
    </ClCompile>
    <ClCompile Include="..\..\image\webp\enc\enc_config.c">
      <Filter>YXL\image\webp\enc</Filter>
    </ClCompile>
    <ClCompile Include="..\..\image\webp\enc\enc_cost.c">
      <Filter>YXL\image\webp\enc</Filter>
    </ClCompile>
    <ClCompile Include="..\..\image\webp\enc\enc_delta_palettization.c">
      <Filter>YXL\image\webp\enc</Filter>
    </ClCompile>
    <ClCompile Include="..\..\image\webp\enc\enc_filter.c">
      <Filter>YXL\image\webp\enc</Filter>
    </ClCompile>
    <ClCompile Include="..\..\image\webp\enc\enc_frame.c">
      <Filter>YXL\image\webp\enc</Filter>
    </ClCompile>
    <ClCompile Include="..\..\image\webp\enc\enc_histogram.c">
      <Filter>YXL\image\webp\enc</Filter>
    </ClCompile>
    <ClCompile Include="..\..\image\webp\enc\enc_iterator.c">
      <Filter>YXL\image\webp\enc</Filter>
    </ClCompile>
    <ClCompile Include="..\..\image\webp\enc\enc_near_lossless.c">
      <Filter>YXL\image\webp\enc</Filter>
    </ClCompile>
    <ClCompile Include="..\..\image\webp\enc\enc_picture.c">
      <Filter>YXL\image\webp\enc</Filter>
    </ClCompile>
    <ClCompile Include="..\..\image\webp\enc\enc_picture_csp.c">
      <Filter>YXL\image\webp\enc</Filter>
    </ClCompile>
    <ClCompile Include="..\..\image\webp\enc\enc_picture_psnr.c">
      <Filter>YXL\image\webp\enc</Filter>
    </ClCompile>
    <ClCompile Include="..\..\image\webp\enc\enc_picture_rescale.c">
      <Filter>YXL\image\webp\enc</Filter>
    </ClCompile>
    <ClCompile Include="..\..\image\webp\enc\enc_picture_tools.c">
      <Filter>YXL\image\webp\enc</Filter>
    </ClCompile>
    <ClCompile Include="..\..\image\webp\enc\enc_predictor.c">
      <Filter>YXL\image\webp\enc</Filter>
    </ClCompile>
    <ClCompile Include="..\..\image\webp\enc\enc_quant.c">
      <Filter>YXL\image\webp\enc</Filter>
    </ClCompile>
    <ClCompile Include="..\..\image\webp\enc\enc_syntax.c">
      <Filter>YXL\image\webp\enc</Filter>
    </ClCompile>
    <ClCompile Include="..\..\image\webp\enc\enc_token.c">
      <Filter>YXL\image\webp\enc</Filter>
    </ClCompile>
    <ClCompile Include="..\..\image\webp\enc\enc_tree.c">
      <Filter>YXL\image\webp\enc</Filter>
    </ClCompile>
    <ClCompile Include="..\..\image\webp\enc\enc_vp8l.c">
      <Filter>YXL\image\webp\enc</Filter>
    </ClCompile>
    <ClCompile Include="..\..\image\webp\enc\enc_webpenc.c">
      <Filter>YXL\image\webp\enc</Filter>
    </ClCompile>
    <ClCompile Include="..\..\image\webp\mux\anim_encode.c">
      <Filter>YXL\image\webp\mux</Filter>
    </ClCompile>
    <ClCompile Include="..\..\image\webp\mux\muxedit.c">
      <Filter>YXL\image\webp\mux</Filter>
    </ClCompile>
    <ClCompile Include="..\..\image\webp\mux\muxinternal.c">
      <Filter>YXL\image\webp\mux</Filter>
    </ClCompile>
    <ClCompile Include="..\..\image\webp\mux\muxread.c">
      <Filter>YXL\image\webp\mux</Filter>
    </ClCompile>
    <ClCompile Include="..\..\image\webp\utils\bit_reader.c">
      <Filter>YXL\image\webp\utils</Filter>
    </ClCompile>
    <ClCompile Include="..\..\image\webp\utils\bit_writer.c">
      <Filter>YXL\image\webp\utils</Filter>
    </ClCompile>
    <ClCompile Include="..\..\image\webp\utils\color_cache.c">
      <Filter>YXL\image\webp\utils</Filter>
    </ClCompile>
    <ClCompile Include="..\..\image\webp\utils\huffman.c">
      <Filter>YXL\image\webp\utils</Filter>
    </ClCompile>
    <ClCompile Include="..\..\image\webp\utils\huffman_encode.c">
      <Filter>YXL\image\webp\utils</Filter>
    </ClCompile>
    <ClCompile Include="..\..\image\webp\utils\quant_levels.c">
      <Filter>YXL\image\webp\utils</Filter>
    </ClCompile>
    <ClCompile Include="..\..\image\webp\utils\quant_levels_dec.c">
      <Filter>YXL\image\webp\utils</Filter>
    </ClCompile>
    <ClCompile Include="..\..\image\webp\utils\random.c">
      <Filter>YXL\image\webp\utils</Filter>
    </ClCompile>
    <ClCompile Include="..\..\image\webp\utils\thread.c">
      <Filter>YXL\image\webp\utils</Filter>
    </ClCompile>
    <ClCompile Include="..\..\image\webp\utils\utils.c">
      <Filter>YXL\image\webp\utils</Filter>
    </ClCompile>
    <ClCompile Include="..\..\image\webp\utils\utils_filters.c">
      <Filter>YXL\image\webp\utils</Filter>
    </ClCompile>
    <ClCompile Include="..\..\image\webp\utils\utils_rescaler.c">
      <Filter>YXL\image\webp\utils</Filter>
    </ClCompile>
    <ClCompile Include="..\..\image\webp\dsp\dsp_filters.c">
      <Filter>YXL\image\webp\dsp</Filter>
    </ClCompile>
    <ClCompile Include="..\..\image\stb_image\stb_image.c">
      <Filter>YXL\image\stb_image</Filter>
    </ClCompile>
    <ClCompile Include="..\..\image\stb_image\stb_image_write.c">
      <Filter>YXL\image\stb_image</Filter>
    </ClCompile>
  </ItemGroup>
  <ItemGroup>
    <ClInclude Include="test.h">
      <Filter>源文件</Filter>
    </ClInclude>
    <ClInclude Include="..\..\miniz\miniz.h">
      <Filter>YXL\miniz</Filter>
    </ClInclude>
    <ClInclude Include="..\..\YXLHelper.h">
      <Filter>YXL</Filter>
    </ClInclude>
    <ClInclude Include="..\..\cryptopp\3way.h">
      <Filter>YXL\cryptopp</Filter>
    </ClInclude>
    <ClInclude Include="..\..\cryptopp\adler32.h">
      <Filter>YXL\cryptopp</Filter>
    </ClInclude>
    <ClInclude Include="..\..\cryptopp\adv-simd.h">
      <Filter>YXL\cryptopp</Filter>
    </ClInclude>
    <ClInclude Include="..\..\cryptopp\aes.h">
      <Filter>YXL\cryptopp</Filter>
    </ClInclude>
    <ClInclude Include="..\..\cryptopp\algebra.h">
      <Filter>YXL\cryptopp</Filter>
    </ClInclude>
    <ClInclude Include="..\..\cryptopp\algparam.h">
      <Filter>YXL\cryptopp</Filter>
    </ClInclude>
    <ClInclude Include="..\..\cryptopp\arc4.h">
      <Filter>YXL\cryptopp</Filter>
    </ClInclude>
    <ClInclude Include="..\..\cryptopp\argnames.h">
      <Filter>YXL\cryptopp</Filter>
    </ClInclude>
    <ClInclude Include="..\..\cryptopp\aria.h">
      <Filter>YXL\cryptopp</Filter>
    </ClInclude>
    <ClInclude Include="..\..\cryptopp\asn.h">
      <Filter>YXL\cryptopp</Filter>
    </ClInclude>
    <ClInclude Include="..\..\cryptopp\authenc.h">
      <Filter>YXL\cryptopp</Filter>
    </ClInclude>
    <ClInclude Include="..\..\cryptopp\base32.h">
      <Filter>YXL\cryptopp</Filter>
    </ClInclude>
    <ClInclude Include="..\..\cryptopp\base64.h">
      <Filter>YXL\cryptopp</Filter>
    </ClInclude>
    <ClInclude Include="..\..\cryptopp\basecode.h">
      <Filter>YXL\cryptopp</Filter>
    </ClInclude>
    <ClInclude Include="..\..\cryptopp\blake2.h">
      <Filter>YXL\cryptopp</Filter>
    </ClInclude>
    <ClInclude Include="..\..\cryptopp\blowfish.h">
      <Filter>YXL\cryptopp</Filter>
    </ClInclude>
    <ClInclude Include="..\..\cryptopp\blumshub.h">
      <Filter>YXL\cryptopp</Filter>
    </ClInclude>
    <ClInclude Include="..\..\cryptopp\camellia.h">
      <Filter>YXL\cryptopp</Filter>
    </ClInclude>
    <ClInclude Include="..\..\cryptopp\cast.h">
      <Filter>YXL\cryptopp</Filter>
    </ClInclude>
    <ClInclude Include="..\..\cryptopp\cbcmac.h">
      <Filter>YXL\cryptopp</Filter>
    </ClInclude>
    <ClInclude Include="..\..\cryptopp\ccm.h">
      <Filter>YXL\cryptopp</Filter>
    </ClInclude>
    <ClInclude Include="..\..\cryptopp\chacha.h">
      <Filter>YXL\cryptopp</Filter>
    </ClInclude>
    <ClInclude Include="..\..\cryptopp\channels.h">
      <Filter>YXL\cryptopp</Filter>
    </ClInclude>
    <ClInclude Include="..\..\cryptopp\cmac.h">
      <Filter>YXL\cryptopp</Filter>
    </ClInclude>
    <ClInclude Include="..\..\cryptopp\config.h">
      <Filter>YXL\cryptopp</Filter>
    </ClInclude>
    <ClInclude Include="..\..\cryptopp\cpu.h">
      <Filter>YXL\cryptopp</Filter>
    </ClInclude>
    <ClInclude Include="..\..\cryptopp\crc.h">
      <Filter>YXL\cryptopp</Filter>
    </ClInclude>
    <ClInclude Include="..\..\cryptopp\cryptlib.h">
      <Filter>YXL\cryptopp</Filter>
    </ClInclude>
    <ClInclude Include="..\..\cryptopp\default.h">
      <Filter>YXL\cryptopp</Filter>
    </ClInclude>
    <ClInclude Include="..\..\cryptopp\des.h">
      <Filter>YXL\cryptopp</Filter>
    </ClInclude>
    <ClInclude Include="..\..\cryptopp\dh.h">
      <Filter>YXL\cryptopp</Filter>
    </ClInclude>
    <ClInclude Include="..\..\cryptopp\dh2.h">
      <Filter>YXL\cryptopp</Filter>
    </ClInclude>
    <ClInclude Include="..\..\cryptopp\dll.h">
      <Filter>YXL\cryptopp</Filter>
    </ClInclude>
    <ClInclude Include="..\..\cryptopp\dmac.h">
      <Filter>YXL\cryptopp</Filter>
    </ClInclude>
    <ClInclude Include="..\..\cryptopp\drbg.h">
      <Filter>YXL\cryptopp</Filter>
    </ClInclude>
    <ClInclude Include="..\..\cryptopp\dsa.h">
      <Filter>YXL\cryptopp</Filter>
    </ClInclude>
    <ClInclude Include="..\..\cryptopp\eax.h">
      <Filter>YXL\cryptopp</Filter>
    </ClInclude>
    <ClInclude Include="..\..\cryptopp\ec2n.h">
      <Filter>YXL\cryptopp</Filter>
    </ClInclude>
    <ClInclude Include="..\..\cryptopp\eccrypto.h">
      <Filter>YXL\cryptopp</Filter>
    </ClInclude>
    <ClInclude Include="..\..\cryptopp\ecp.h">
      <Filter>YXL\cryptopp</Filter>
    </ClInclude>
    <ClInclude Include="..\..\cryptopp\ecpoint.h">
      <Filter>YXL\cryptopp</Filter>
    </ClInclude>
    <ClInclude Include="..\..\cryptopp\elgamal.h">
      <Filter>YXL\cryptopp</Filter>
    </ClInclude>
    <ClInclude Include="..\..\cryptopp\emsa2.h">
      <Filter>YXL\cryptopp</Filter>
    </ClInclude>
    <ClInclude Include="..\..\cryptopp\eprecomp.h">
      <Filter>YXL\cryptopp</Filter>
    </ClInclude>
    <ClInclude Include="..\..\cryptopp\esign.h">
      <Filter>YXL\cryptopp</Filter>
    </ClInclude>
    <ClInclude Include="..\..\cryptopp\factory.h">
      <Filter>YXL\cryptopp</Filter>
    </ClInclude>
    <ClInclude Include="..\..\cryptopp\fhmqv.h">
      <Filter>YXL\cryptopp</Filter>
    </ClInclude>
    <ClInclude Include="..\..\cryptopp\files.h">
      <Filter>YXL\cryptopp</Filter>
    </ClInclude>
    <ClInclude Include="..\..\cryptopp\filters.h">
      <Filter>YXL\cryptopp</Filter>
    </ClInclude>
    <ClInclude Include="..\..\cryptopp\fips140.h">
      <Filter>YXL\cryptopp</Filter>
    </ClInclude>
    <ClInclude Include="..\..\cryptopp\fltrimpl.h">
      <Filter>YXL\cryptopp</Filter>
    </ClInclude>
    <ClInclude Include="..\..\cryptopp\gcm.h">
      <Filter>YXL\cryptopp</Filter>
    </ClInclude>
    <ClInclude Include="..\..\cryptopp\gf256.h">
      <Filter>YXL\cryptopp</Filter>
    </ClInclude>
    <ClInclude Include="..\..\cryptopp\gf2n.h">
      <Filter>YXL\cryptopp</Filter>
    </ClInclude>
    <ClInclude Include="..\..\cryptopp\gf2_32.h">
      <Filter>YXL\cryptopp</Filter>
    </ClInclude>
    <ClInclude Include="..\..\cryptopp\gfpcrypt.h">
      <Filter>YXL\cryptopp</Filter>
    </ClInclude>
    <ClInclude Include="..\..\cryptopp\gost.h">
      <Filter>YXL\cryptopp</Filter>
    </ClInclude>
    <ClInclude Include="..\..\cryptopp\gzip.h">
      <Filter>YXL\cryptopp</Filter>
    </ClInclude>
    <ClInclude Include="..\..\cryptopp\hashfwd.h">
      <Filter>YXL\cryptopp</Filter>
    </ClInclude>
    <ClInclude Include="..\..\cryptopp\hex.h">
      <Filter>YXL\cryptopp</Filter>
    </ClInclude>
    <ClInclude Include="..\..\cryptopp\hkdf.h">
      <Filter>YXL\cryptopp</Filter>
    </ClInclude>
    <ClInclude Include="..\..\cryptopp\hmac.h">
      <Filter>YXL\cryptopp</Filter>
    </ClInclude>
    <ClInclude Include="..\..\cryptopp\hmqv.h">
      <Filter>YXL\cryptopp</Filter>
    </ClInclude>
    <ClInclude Include="..\..\cryptopp\hrtimer.h">
      <Filter>YXL\cryptopp</Filter>
    </ClInclude>
    <ClInclude Include="..\..\cryptopp\ida.h">
      <Filter>YXL\cryptopp</Filter>
    </ClInclude>
    <ClInclude Include="..\..\cryptopp\idea.h">
      <Filter>YXL\cryptopp</Filter>
    </ClInclude>
    <ClInclude Include="..\..\cryptopp\integer.h">
      <Filter>YXL\cryptopp</Filter>
    </ClInclude>
    <ClInclude Include="..\..\cryptopp\iterhash.h">
      <Filter>YXL\cryptopp</Filter>
    </ClInclude>
    <ClInclude Include="..\..\cryptopp\kalyna.h">
      <Filter>YXL\cryptopp</Filter>
    </ClInclude>
    <ClInclude Include="..\..\cryptopp\keccak.h">
      <Filter>YXL\cryptopp</Filter>
    </ClInclude>
    <ClInclude Include="..\..\cryptopp\lubyrack.h">
      <Filter>YXL\cryptopp</Filter>
    </ClInclude>
    <ClInclude Include="..\..\cryptopp\luc.h">
      <Filter>YXL\cryptopp</Filter>
    </ClInclude>
    <ClInclude Include="..\..\cryptopp\mars.h">
      <Filter>YXL\cryptopp</Filter>
    </ClInclude>
    <ClInclude Include="..\..\cryptopp\md2.h">
      <Filter>YXL\cryptopp</Filter>
    </ClInclude>
    <ClInclude Include="..\..\cryptopp\md4.h">
      <Filter>YXL\cryptopp</Filter>
    </ClInclude>
    <ClInclude Include="..\..\cryptopp\md5.h">
      <Filter>YXL\cryptopp</Filter>
    </ClInclude>
    <ClInclude Include="..\..\cryptopp\mdc.h">
      <Filter>YXL\cryptopp</Filter>
    </ClInclude>
    <ClInclude Include="..\..\cryptopp\mersenne.h">
      <Filter>YXL\cryptopp</Filter>
    </ClInclude>
    <ClInclude Include="..\..\cryptopp\misc.h">
      <Filter>YXL\cryptopp</Filter>
    </ClInclude>
    <ClInclude Include="..\..\cryptopp\modarith.h">
      <Filter>YXL\cryptopp</Filter>
    </ClInclude>
    <ClInclude Include="..\..\cryptopp\modes.h">
      <Filter>YXL\cryptopp</Filter>
    </ClInclude>
    <ClInclude Include="..\..\cryptopp\modexppc.h">
      <Filter>YXL\cryptopp</Filter>
    </ClInclude>
    <ClInclude Include="..\..\cryptopp\mqueue.h">
      <Filter>YXL\cryptopp</Filter>
    </ClInclude>
    <ClInclude Include="..\..\cryptopp\mqv.h">
      <Filter>YXL\cryptopp</Filter>
    </ClInclude>
    <ClInclude Include="..\..\cryptopp\naclite.h">
      <Filter>YXL\cryptopp</Filter>
    </ClInclude>
    <ClInclude Include="..\..\cryptopp\nbtheory.h">
      <Filter>YXL\cryptopp</Filter>
    </ClInclude>
    <ClInclude Include="..\..\cryptopp\network.h">
      <Filter>YXL\cryptopp</Filter>
    </ClInclude>
    <ClInclude Include="..\..\cryptopp\nr.h">
      <Filter>YXL\cryptopp</Filter>
    </ClInclude>
    <ClInclude Include="..\..\cryptopp\oaep.h">
      <Filter>YXL\cryptopp</Filter>
    </ClInclude>
    <ClInclude Include="..\..\cryptopp\oids.h">
      <Filter>YXL\cryptopp</Filter>
    </ClInclude>
    <ClInclude Include="..\..\cryptopp\osrng.h">
      <Filter>YXL\cryptopp</Filter>
    </ClInclude>
    <ClInclude Include="..\..\cryptopp\ossig.h">
      <Filter>YXL\cryptopp</Filter>
    </ClInclude>
    <ClInclude Include="..\..\cryptopp\padlkrng.h">
      <Filter>YXL\cryptopp</Filter>
    </ClInclude>
    <ClInclude Include="..\..\cryptopp\panama.h">
      <Filter>YXL\cryptopp</Filter>
    </ClInclude>
    <ClInclude Include="..\..\cryptopp\pch.h">
      <Filter>YXL\cryptopp</Filter>
    </ClInclude>
    <ClInclude Include="..\..\cryptopp\pkcspad.h">
      <Filter>YXL\cryptopp</Filter>
    </ClInclude>
    <ClInclude Include="..\..\cryptopp\poly1305.h">
      <Filter>YXL\cryptopp</Filter>
    </ClInclude>
    <ClInclude Include="..\..\cryptopp\polynomi.h">
      <Filter>YXL\cryptopp</Filter>
    </ClInclude>
    <ClInclude Include="..\..\cryptopp\ppc-simd.h">
      <Filter>YXL\cryptopp</Filter>
    </ClInclude>
    <ClInclude Include="..\..\cryptopp\pssr.h">
      <Filter>YXL\cryptopp</Filter>
    </ClInclude>
    <ClInclude Include="..\..\cryptopp\pubkey.h">
      <Filter>YXL\cryptopp</Filter>
    </ClInclude>
    <ClInclude Include="..\..\cryptopp\pwdbased.h">
      <Filter>YXL\cryptopp</Filter>
    </ClInclude>
    <ClInclude Include="..\..\cryptopp\queue.h">
      <Filter>YXL\cryptopp</Filter>
    </ClInclude>
    <ClInclude Include="..\..\cryptopp\rabin.h">
      <Filter>YXL\cryptopp</Filter>
    </ClInclude>
    <ClInclude Include="..\..\cryptopp\randpool.h">
      <Filter>YXL\cryptopp</Filter>
    </ClInclude>
    <ClInclude Include="..\..\cryptopp\rc2.h">
      <Filter>YXL\cryptopp</Filter>
    </ClInclude>
    <ClInclude Include="..\..\cryptopp\rc5.h">
      <Filter>YXL\cryptopp</Filter>
    </ClInclude>
    <ClInclude Include="..\..\cryptopp\rc6.h">
      <Filter>YXL\cryptopp</Filter>
    </ClInclude>
    <ClInclude Include="..\..\cryptopp\rdrand.h">
      <Filter>YXL\cryptopp</Filter>
    </ClInclude>
    <ClInclude Include="..\..\cryptopp\resource.h">
      <Filter>YXL\cryptopp</Filter>
    </ClInclude>
    <ClInclude Include="..\..\cryptopp\rijndael.h">
      <Filter>YXL\cryptopp</Filter>
    </ClInclude>
    <ClInclude Include="..\..\cryptopp\ripemd.h">
      <Filter>YXL\cryptopp</Filter>
    </ClInclude>
    <ClInclude Include="..\..\cryptopp\rng.h">
      <Filter>YXL\cryptopp</Filter>
    </ClInclude>
    <ClInclude Include="..\..\cryptopp\rsa.h">
      <Filter>YXL\cryptopp</Filter>
    </ClInclude>
    <ClInclude Include="..\..\cryptopp\rw.h">
      <Filter>YXL\cryptopp</Filter>
    </ClInclude>
    <ClInclude Include="..\..\cryptopp\safer.h">
      <Filter>YXL\cryptopp</Filter>
    </ClInclude>
    <ClInclude Include="..\..\cryptopp\salsa.h">
      <Filter>YXL\cryptopp</Filter>
    </ClInclude>
    <ClInclude Include="..\..\cryptopp\scrypt.h">
      <Filter>YXL\cryptopp</Filter>
    </ClInclude>
    <ClInclude Include="..\..\cryptopp\seal.h">
      <Filter>YXL\cryptopp</Filter>
    </ClInclude>
    <ClInclude Include="..\..\cryptopp\secblock.h">
      <Filter>YXL\cryptopp</Filter>
    </ClInclude>
    <ClInclude Include="..\..\cryptopp\seckey.h">
      <Filter>YXL\cryptopp</Filter>
    </ClInclude>
    <ClInclude Include="..\..\cryptopp\seed.h">
      <Filter>YXL\cryptopp</Filter>
    </ClInclude>
    <ClInclude Include="..\..\cryptopp\serpent.h">
      <Filter>YXL\cryptopp</Filter>
    </ClInclude>
    <ClInclude Include="..\..\cryptopp\serpentp.h">
      <Filter>YXL\cryptopp</Filter>
    </ClInclude>
    <ClInclude Include="..\..\cryptopp\sha.h">
      <Filter>YXL\cryptopp</Filter>
    </ClInclude>
    <ClInclude Include="..\..\cryptopp\sha3.h">
      <Filter>YXL\cryptopp</Filter>
    </ClInclude>
    <ClInclude Include="..\..\cryptopp\shacal2.h">
      <Filter>YXL\cryptopp</Filter>
    </ClInclude>
    <ClInclude Include="..\..\cryptopp\shark.h">
      <Filter>YXL\cryptopp</Filter>
    </ClInclude>
    <ClInclude Include="..\..\cryptopp\simon.h">
      <Filter>YXL\cryptopp</Filter>
    </ClInclude>
    <ClInclude Include="..\..\cryptopp\simple.h">
      <Filter>YXL\cryptopp</Filter>
    </ClInclude>
    <ClInclude Include="..\..\cryptopp\siphash.h">
      <Filter>YXL\cryptopp</Filter>
    </ClInclude>
    <ClInclude Include="..\..\cryptopp\skipjack.h">
      <Filter>YXL\cryptopp</Filter>
    </ClInclude>
    <ClInclude Include="..\..\cryptopp\sm3.h">
      <Filter>YXL\cryptopp</Filter>
    </ClInclude>
    <ClInclude Include="..\..\cryptopp\sm4.h">
      <Filter>YXL\cryptopp</Filter>
    </ClInclude>
    <ClInclude Include="..\..\cryptopp\smartptr.h">
      <Filter>YXL\cryptopp</Filter>
    </ClInclude>
    <ClInclude Include="..\..\cryptopp\socketft.h">
      <Filter>YXL\cryptopp</Filter>
    </ClInclude>
    <ClInclude Include="..\..\cryptopp\sosemanuk.h">
      <Filter>YXL\cryptopp</Filter>
    </ClInclude>
    <ClInclude Include="..\..\cryptopp\speck.h">
      <Filter>YXL\cryptopp</Filter>
    </ClInclude>
    <ClInclude Include="..\..\cryptopp\square.h">
      <Filter>YXL\cryptopp</Filter>
    </ClInclude>
    <ClInclude Include="..\..\cryptopp\stdcpp.h">
      <Filter>YXL\cryptopp</Filter>
    </ClInclude>
    <ClInclude Include="..\..\cryptopp\strciphr.h">
      <Filter>YXL\cryptopp</Filter>
    </ClInclude>
    <ClInclude Include="..\..\cryptopp\tea.h">
      <Filter>YXL\cryptopp</Filter>
    </ClInclude>
    <ClInclude Include="..\..\cryptopp\threefish.h">
      <Filter>YXL\cryptopp</Filter>
    </ClInclude>
    <ClInclude Include="..\..\cryptopp\tiger.h">
      <Filter>YXL\cryptopp</Filter>
    </ClInclude>
    <ClInclude Include="..\..\cryptopp\trap.h">
      <Filter>YXL\cryptopp</Filter>
    </ClInclude>
    <ClInclude Include="..\..\cryptopp\trdlocal.h">
      <Filter>YXL\cryptopp</Filter>
    </ClInclude>
    <ClInclude Include="..\..\cryptopp\trunhash.h">
      <Filter>YXL\cryptopp</Filter>
    </ClInclude>
    <ClInclude Include="..\..\cryptopp\ttmac.h">
      <Filter>YXL\cryptopp</Filter>
    </ClInclude>
    <ClInclude Include="..\..\cryptopp\tweetnacl.h">
      <Filter>YXL\cryptopp</Filter>
    </ClInclude>
    <ClInclude Include="..\..\cryptopp\twofish.h">
      <Filter>YXL\cryptopp</Filter>
    </ClInclude>
    <ClInclude Include="..\..\cryptopp\vmac.h">
      <Filter>YXL\cryptopp</Filter>
    </ClInclude>
    <ClInclude Include="..\..\cryptopp\wait.h">
      <Filter>YXL\cryptopp</Filter>
    </ClInclude>
    <ClInclude Include="..\..\cryptopp\wake.h">
      <Filter>YXL\cryptopp</Filter>
    </ClInclude>
    <ClInclude Include="..\..\cryptopp\whrlpool.h">
      <Filter>YXL\cryptopp</Filter>
    </ClInclude>
    <ClInclude Include="..\..\cryptopp\winpipes.h">
      <Filter>YXL\cryptopp</Filter>
    </ClInclude>
    <ClInclude Include="..\..\cryptopp\words.h">
      <Filter>YXL\cryptopp</Filter>
    </ClInclude>
    <ClInclude Include="..\..\cryptopp\xtr.h">
      <Filter>YXL\cryptopp</Filter>
    </ClInclude>
    <ClInclude Include="..\..\cryptopp\xtrcrypt.h">
      <Filter>YXL\cryptopp</Filter>
    </ClInclude>
    <ClInclude Include="..\..\cryptopp\zdeflate.h">
      <Filter>YXL\cryptopp</Filter>
    </ClInclude>
    <ClInclude Include="..\..\cryptopp\zinflate.h">
      <Filter>YXL\cryptopp</Filter>
    </ClInclude>
    <ClInclude Include="..\..\cryptopp\zlib.h">
      <Filter>YXL\cryptopp</Filter>
    </ClInclude>
    <ClInclude Include="..\..\YXLJsonStruct.h">
      <Filter>YXL</Filter>
    </ClInclude>
    <ClInclude Include="..\..\YXLJsonWarpper.h">
      <Filter>YXL</Filter>
    </ClInclude>
    <ClInclude Include="..\..\YXLReportGenerator.h">
      <Filter>YXL</Filter>
    </ClInclude>
    <ClInclude Include="..\..\image\webp\dec\dec_alphai.h">
      <Filter>YXL\image\webp\dec</Filter>
    </ClInclude>
    <ClInclude Include="..\..\image\webp\dec\dec_common.h">
      <Filter>YXL\image\webp\dec</Filter>
    </ClInclude>
    <ClInclude Include="..\..\image\webp\dec\dec_decode_vp8.h">
      <Filter>YXL\image\webp\dec</Filter>
    </ClInclude>
    <ClInclude Include="..\..\image\webp\dec\dec_vp8i.h">
      <Filter>YXL\image\webp\dec</Filter>
    </ClInclude>
    <ClInclude Include="..\..\image\webp\dec\dec_vp8li.h">
      <Filter>YXL\image\webp\dec</Filter>
    </ClInclude>
    <ClInclude Include="..\..\image\webp\dec\dec_webpi.h">
      <Filter>YXL\image\webp\dec</Filter>
    </ClInclude>
    <ClInclude Include="..\..\image\webp\dsp\common_sse2.h">
      <Filter>YXL\image\webp\dsp</Filter>
    </ClInclude>
    <ClInclude Include="..\..\image\webp\dsp\dsp.h">
      <Filter>YXL\image\webp\dsp</Filter>
    </ClInclude>
    <ClInclude Include="..\..\image\webp\dsp\lossless.h">
      <Filter>YXL\image\webp\dsp</Filter>
    </ClInclude>
    <ClInclude Include="..\..\image\webp\dsp\lossless_common.h">
      <Filter>YXL\image\webp\dsp</Filter>
    </ClInclude>
    <ClInclude Include="..\..\image\webp\dsp\mips_macro.h">
      <Filter>YXL\image\webp\dsp</Filter>
    </ClInclude>
    <ClInclude Include="..\..\image\webp\dsp\msa_macro.h">
      <Filter>YXL\image\webp\dsp</Filter>
    </ClInclude>
    <ClInclude Include="..\..\image\webp\dsp\neon.h">
      <Filter>YXL\image\webp\dsp</Filter>
    </ClInclude>
    <ClInclude Include="..\..\image\webp\dsp\yuv.h">
      <Filter>YXL\image\webp\dsp</Filter>
    </ClInclude>
    <ClInclude Include="..\..\image\webp\enc\enc_backward_references.h">
      <Filter>YXL\image\webp\enc</Filter>
    </ClInclude>
    <ClInclude Include="..\..\image\webp\enc\enc_cost.h">
      <Filter>YXL\image\webp\enc</Filter>
    </ClInclude>
    <ClInclude Include="..\..\image\webp\enc\enc_delta_palettization.h">
      <Filter>YXL\image\webp\enc</Filter>
    </ClInclude>
    <ClInclude Include="..\..\image\webp\enc\enc_histogram.h">
      <Filter>YXL\image\webp\enc</Filter>
    </ClInclude>
    <ClInclude Include="..\..\image\webp\enc\enc_vp8enci.h">
      <Filter>YXL\image\webp\enc</Filter>
    </ClInclude>
    <ClInclude Include="..\..\image\webp\enc\enc_vp8li.h">
      <Filter>YXL\image\webp\enc</Filter>
    </ClInclude>
    <ClInclude Include="..\..\image\webp\mux\muxi.h">
      <Filter>YXL\image\webp\mux</Filter>
    </ClInclude>
    <ClInclude Include="..\..\image\webp\utils\bit_reader.h">
      <Filter>YXL\image\webp\utils</Filter>
    </ClInclude>
    <ClInclude Include="..\..\image\webp\utils\bit_reader_inl.h">
      <Filter>YXL\image\webp\utils</Filter>
    </ClInclude>
    <ClInclude Include="..\..\image\webp\utils\bit_writer.h">
      <Filter>YXL\image\webp\utils</Filter>
    </ClInclude>
    <ClInclude Include="..\..\image\webp\utils\color_cache.h">
      <Filter>YXL\image\webp\utils</Filter>
    </ClInclude>
    <ClInclude Include="..\..\image\webp\utils\endian_inl.h">
      <Filter>YXL\image\webp\utils</Filter>
    </ClInclude>
    <ClInclude Include="..\..\image\webp\utils\filters.h">
      <Filter>YXL\image\webp\utils</Filter>
    </ClInclude>
    <ClInclude Include="..\..\image\webp\utils\huffman.h">
      <Filter>YXL\image\webp\utils</Filter>
    </ClInclude>
    <ClInclude Include="..\..\image\webp\utils\huffman_encode.h">
      <Filter>YXL\image\webp\utils</Filter>
    </ClInclude>
    <ClInclude Include="..\..\image\webp\utils\quant_levels.h">
      <Filter>YXL\image\webp\utils</Filter>
    </ClInclude>
    <ClInclude Include="..\..\image\webp\utils\quant_levels_dec.h">
      <Filter>YXL\image\webp\utils</Filter>
    </ClInclude>
    <ClInclude Include="..\..\image\webp\utils\random.h">
      <Filter>YXL\image\webp\utils</Filter>
    </ClInclude>
    <ClInclude Include="..\..\image\webp\utils\rescaler.h">
      <Filter>YXL\image\webp\utils</Filter>
    </ClInclude>
    <ClInclude Include="..\..\image\webp\utils\thread.h">
      <Filter>YXL\image\webp\utils</Filter>
    </ClInclude>
    <ClInclude Include="..\..\image\webp\utils\utils.h">
      <Filter>YXL\image\webp\utils</Filter>
    </ClInclude>
    <ClInclude Include="..\..\image\webp\webp\decode.h">
      <Filter>YXL\image\webp\webp</Filter>
    </ClInclude>
    <ClInclude Include="..\..\image\webp\webp\demux.h">
      <Filter>YXL\image\webp\webp</Filter>
    </ClInclude>
    <ClInclude Include="..\..\image\webp\webp\encode.h">
      <Filter>YXL\image\webp\webp</Filter>
    </ClInclude>
    <ClInclude Include="..\..\image\webp\webp\format_constants.h">
      <Filter>YXL\image\webp\webp</Filter>
    </ClInclude>
    <ClInclude Include="..\..\image\webp\webp\mux.h">
      <Filter>YXL\image\webp\webp</Filter>
    </ClInclude>
    <ClInclude Include="..\..\image\webp\webp\mux_types.h">
      <Filter>YXL\image\webp\webp</Filter>
    </ClInclude>
    <ClInclude Include="..\..\image\webp\webp\types.h">
      <Filter>YXL\image\webp\webp</Filter>
    </ClInclude>
    <ClInclude Include="..\..\image\stb_image\stb_image.h">
      <Filter>YXL\image\stb_image</Filter>
    </ClInclude>
    <ClInclude Include="..\..\image\stb_image\stb_image_write.h">
      <Filter>YXL\image\stb_image</Filter>
    </ClInclude>
    <ClInclude Include="..\..\image\stb_image\wrapper_defines.h">
      <Filter>YXL\image\stb_image</Filter>
    </ClInclude>
  </ItemGroup>
  <ItemGroup>
    <None Include="..\..\..\readme.md">
      <Filter>资源文件</Filter>
    </None>
    <None Include="..\..\readme.md">
      <Filter>YXL</Filter>
    </None>
  </ItemGroup>
  <ItemGroup>
    <MASM Include="..\..\cryptopp\x64dll.asm">
      <Filter>YXL\cryptopp</Filter>
    </MASM>
    <MASM Include="..\..\cryptopp\x64masm.asm">
      <Filter>YXL\cryptopp</Filter>
    </MASM>
  </ItemGroup>
</Project>