<?xml version="1.0" encoding="utf-8"?>
<Project ToolsVersion="4.0" xmlns="http://schemas.microsoft.com/developer/msbuild/2003">
  <ItemGroup>
    <Filter Include="源文件">
      <UniqueIdentifier>{4FC737F1-C7A5-4376-A066-2A32D752A2FF}</UniqueIdentifier>
      <Extensions>cpp;c;cc;cxx;def;odl;idl;hpj;bat;asm;asmx</Extensions>
    </Filter>
    <Filter Include="头文件">
      <UniqueIdentifier>{93995380-89BD-4b04-88EB-625FBE52EBFB}</UniqueIdentifier>
      <Extensions>h;hh;hpp;hxx;hm;inl;inc;xsd</Extensions>
    </Filter>
    <Filter Include="资源文件">
      <UniqueIdentifier>{67DA6AB6-F800-4c08-8B7A-83BB121AAD01}</UniqueIdentifier>
      <Extensions>rc;ico;cur;bmp;dlg;rc2;rct;bin;rgs;gif;jpg;jpeg;jpe;resx;tiff;tif;png;wav;mfcribbon-ms</Extensions>
    </Filter>
    <Filter Include="YXL">
      <UniqueIdentifier>{be522075-6cbd-4a27-89b2-dc98c68f853e}</UniqueIdentifier>
    </Filter>
    <Filter Include="YXL\miniz">
      <UniqueIdentifier>{eb8d3caa-b397-4a9d-be2c-4cd4a7eb1c93}</UniqueIdentifier>
    </Filter>
  </ItemGroup>
  <ItemGroup>
    <ClCompile Include="main.cpp">
      <Filter>源文件</Filter>
    </ClCompile>
    <ClCompile Include="test.cpp">
      <Filter>源文件</Filter>
    </ClCompile>
    <ClCompile Include="test_json.cpp">
      <Filter>源文件</Filter>
    </ClCompile>
    <ClCompile Include="..\..\miniz\miniz.c">
      <Filter>YXL\miniz</Filter>
    </ClCompile>
    <ClCompile Include="..\..\YXLHelper.cpp">
      <Filter>YXL</Filter>
    </ClCompile>
  </ItemGroup>
  <ItemGroup>
    <ClInclude Include="test.h">
      <Filter>源文件</Filter>
    </ClInclude>
    <ClInclude Include="..\..\miniz\miniz.h">
      <Filter>YXL\miniz</Filter>
    </ClInclude>
    <ClInclude Include="..\..\YXLHelper.h">
      <Filter>YXL</Filter>
    </ClInclude>
  </ItemGroup>
</Project>